
Microsoft Visual Studio Solution File, Format Version 12.00
# Visual Studio 15
VisualStudioVersion = 15.0.27004.2005
MinimumVisualStudioVersion = 10.0.40219.1
Project("{9A19103F-16F7-4668-BE54-9A1E7A4F7556}") = "AuthenticateGenius", "AuthenticateGenius.csproj", "{C56BEB10-593B-4780-A84B-17C1C47D916E}"
EndProject
Project("{9A19103F-16F7-4668-BE54-9A1E7A4F7556}") = "AuthenticateGeniusTest", "AuthenticateGeniusTest\AuthenticateGeniusTest.csproj", "{BD991D2B-C501-4894-BA26-B20969613BCC}"
EndProject
Global
	GlobalSection(SolutionConfigurationPlatforms) = preSolution
		Debug|Any CPU = Debug|Any CPU
		Release|Any CPU = Release|Any CPU
	EndGlobalSection
	GlobalSection(ProjectConfigurationPlatforms) = postSolution
		{C56BEB10-593B-4780-A84B-17C1C47D916E}.Debug|Any CPU.ActiveCfg = Debug|Any CPU
		{C56BEB10-593B-4780-A84B-17C1C47D916E}.Debug|Any CPU.Build.0 = Debug|Any CPU
		{C56BEB10-593B-4780-A84B-17C1C47D916E}.Release|Any CPU.ActiveCfg = Release|Any CPU
		{C56BEB10-593B-4780-A84B-17C1C47D916E}.Release|Any CPU.Build.0 = Release|Any CPU
		{BD991D2B-C501-4894-BA26-B20969613BCC}.Debug|Any CPU.ActiveCfg = Debug|Any CPU
		{BD991D2B-C501-4894-BA26-B20969613BCC}.Debug|Any CPU.Build.0 = Debug|Any CPU
		{BD991D2B-C501-4894-BA26-B20969613BCC}.Release|Any CPU.ActiveCfg = Release|Any CPU
		{BD991D2B-C501-4894-BA26-B20969613BCC}.Release|Any CPU.Build.0 = Release|Any CPU
	EndGlobalSection
	GlobalSection(SolutionProperties) = preSolution
		HideSolutionNode = FALSE
	EndGlobalSection
	GlobalSection(ExtensibilityGlobals) = postSolution
		SolutionGuid = {79543760-F855-4515-9B4B-127CB1892A88}
	EndGlobalSection
EndGlobal
